[[package]]
name = "contract"
version = "0.1.0"
dependencies = [
 "eng_wasm 0.1.0",
]

[[package]]
name = "eng_wasm"
version = "0.1.0"
dependencies = [
 "serde 1.0.70 (registry+https://github.com/rust-lang/crates.io-index)",
 "serde_json 1.0.26 (registry+https://github.com/rust-lang/crates.io-index)",
]

[[package]]
name = "itoa"
version = "0.4.3"
source = "registry+https://github.com/rust-lang/crates.io-index"

[[package]]
name = "ryu"
version = "0.2.6"
source = "registry+https://github.com/rust-lang/crates.io-index"

[[package]]
name = "serde"
version = "1.0.70"
source = "registry+https://github.com/rust-lang/crates.io-index"

[[package]]
name = "serde_json"
version = "1.0.26"
source = "registry+https://github.com/rust-lang/crates.io-index"
dependencies = [
 "itoa 0.4.3 (registry+https://github.com/rust-lang/crates.io-index)",
 "ryu 0.2.6 (registry+https://github.com/rust-lang/crates.io-index)",
 "serde 1.0.70 (registry+https://github.com/rust-lang/crates.io-index)",
]

[metadata]
"checksum itoa 0.4.3 (registry+https://github.com/rust-lang/crates.io-index)" = "1306f3464951f30e30d12373d31c79fbd52d236e5e896fd92f96ec7babbbe60b"
"checksum ryu 0.2.6 (registry+https://github.com/rust-lang/crates.io-index)" = "7153dd96dade874ab973e098cb62fcdbb89a03682e46b144fd09550998d4a4a7"
"checksum serde 1.0.70 (registry+https://github.com/rust-lang/crates.io-index)" = "0c3adf19c07af6d186d91dae8927b83b0553d07ca56cbf7f2f32560455c91920"
"checksum serde_json 1.0.26 (registry+https://github.com/rust-lang/crates.io-index)" = "44dd2cfde475037451fa99b7e5df77aa3cfd1536575fa8e7a538ab36dcde49ae"
